// !$*UTF8*$!
{
	archiveVersion = 1;
	classes = {
	};
	objectVersion = 46;
	objects = {

/* Begin PBXBuildFile section */
		0029836D196F64CC00817D88 /* Foundation.framework in Frameworks */ = {isa = PBXBuildFile; fileRef = 0029836C196F64CC00817D88 /* Foundation.framework */; };
		0029836F196F64CC00817D88 /* CoreGraphics.framework in Frameworks */ = {isa = PBXBuildFile; fileRef = 0029836E196F64CC00817D88 /* CoreGraphics.framework */; };
		00298371196F64CC00817D88 /* UIKit.framework in Frameworks */ = {isa = PBXBuildFile; fileRef = 00298370196F64CC00817D88 /* UIKit.framework */; };
		00298377196F64CC00817D88 /* InfoPlist.strings in Resources */ = {isa = PBXBuildFile; fileRef = 00298375196F64CC00817D88 /* InfoPlist.strings */; };
		00298379196F64CC00817D88 /* main.m in Sources */ = {isa = PBXBuildFile; fileRef = 00298378196F64CC00817D88 /* main.m */; };
		0029837D196F64CC00817D88 /* CineAppDelegate.m in Sources */ = {isa = PBXBuildFile; fileRef = 0029837C196F64CC00817D88 /* CineAppDelegate.m */; };
		00298380196F64CC00817D88 /* Main_iPhone.storyboard in Resources */ = {isa = PBXBuildFile; fileRef = 0029837E196F64CC00817D88 /* Main_iPhone.storyboard */; };
		00298383196F64CC00817D88 /* Main_iPad.storyboard in Resources */ = {isa = PBXBuildFile; fileRef = 00298381196F64CC00817D88 /* Main_iPad.storyboard */; };
		00298388196F64CC00817D88 /* Images.xcassets in Resources */ = {isa = PBXBuildFile; fileRef = 00298387196F64CC00817D88 /* Images.xcassets */; };
		0029838F196F64CC00817D88 /* XCTest.framework in Frameworks */ = {isa = PBXBuildFile; fileRef = 0029838E196F64CC00817D88 /* XCTest.framework */; };
		00298390196F64CC00817D88 /* Foundation.framework in Frameworks */ = {isa = PBXBuildFile; fileRef = 0029836C196F64CC00817D88 /* Foundation.framework */; };
		00298391196F64CC00817D88 /* UIKit.framework in Frameworks */ = {isa = PBXBuildFile; fileRef = 00298370196F64CC00817D88 /* UIKit.framework */; };
		00298399196F64CC00817D88 /* InfoPlist.strings in Resources */ = {isa = PBXBuildFile; fileRef = 00298397196F64CC00817D88 /* InfoPlist.strings */; };
		0029839B196F64CC00817D88 /* ConsoleTests.m in Sources */ = {isa = PBXBuildFile; fileRef = 0029839A196F64CC00817D88 /* ConsoleTests.m */; };
		002983A5196F64E800817D88 /* Podfile in Resources */ = {isa = PBXBuildFile; fileRef = 002983A4196F64E800817D88 /* Podfile */; };
		002983A8196F8F4000817D88 /* CineWebViewController.m in Sources */ = {isa = PBXBuildFile; fileRef = 002983A7196F8F4000817D88 /* CineWebViewController.m */; };
		002983AB196F8F8A00817D88 /* CineSignInViewController.m in Sources */ = {isa = PBXBuildFile; fileRef = 002983AA196F8F8A00817D88 /* CineSignInViewController.m */; };
		002983AD196FE09A00817D88 /* README.md in Resources */ = {isa = PBXBuildFile; fileRef = 002983AC196FE09A00817D88 /* README.md */; };
		002983B019704CD900817D88 /* CineUser.m in Sources */ = {isa = PBXBuildFile; fileRef = 002983AF19704CD900817D88 /* CineUser.m */; };
		009CB19C197997F200C0ADF6 /* StoreKit.framework in Frameworks */ = {isa = PBXBuildFile; fileRef = 009CB19B197997F200C0ADF6 /* StoreKit.framework */; };
		009CB19F197DB27F00C0ADF6 /* CineAuthHandler.m in Sources */ = {isa = PBXBuildFile; fileRef = 009CB19E197DB27F00C0ADF6 /* CineAuthHandler.m */; };
		00ADC6B51970930700857375 /* CineProjectsTableViewController.m in Sources */ = {isa = PBXBuildFile; fileRef = 00ADC6B41970930700857375 /* CineProjectsTableViewController.m */; };
		00ADC6B81970931C00857375 /* CineStreamsTableViewController.m in Sources */ = {isa = PBXBuildFile; fileRef = 00ADC6B71970931C00857375 /* CineStreamsTableViewController.m */; };
		00ADC6BB1970B59B00857375 /* CineStreamViewController.m in Sources */ = {isa = PBXBuildFile; fileRef = 00ADC6BA1970B59B00857375 /* CineStreamViewController.m */; };
		00ADC6EC1974951E00857375 /* CinePublisherViewController.mm in Sources */ = {isa = PBXBuildFile; fileRef = 00ADC6EA1974951E00857375 /* CinePublisherViewController.mm */; };
		00ADC6EE1974959300857375 /* MediaPlayer.framework in Frameworks */ = {isa = PBXBuildFile; fileRef = 00ADC6ED1974959300857375 /* MediaPlayer.framework */; };
		00ADC6F11974F2FB00857375 /* CineNavigationViewController.m in Sources */ = {isa = PBXBuildFile; fileRef = 00ADC6F01974F2FB00857375 /* CineNavigationViewController.m */; };
		00ADC6F719759EFB00857375 /* CineStreamerViewController.m in Sources */ = {isa = PBXBuildFile; fileRef = 00ADC6F619759EFB00857375 /* CineStreamerViewController.m */; };
		230D20A7DCA440E6816B1608 /* libPods.a in Frameworks */ = {isa = PBXBuildFile; fileRef = 9755E6D300C04A989719F867 /* libPods.a */; };
/* End PBXBuildFile section */

/* Begin PBXContainerItemProxy section */
		00298392196F64CC00817D88 /* PBXContainerItemProxy */ = {
			isa = PBXContainerItemProxy;
			containerPortal = 00298361196F64CC00817D88 /* Project object */;
			proxyType = 1;
			remoteGlobalIDString = 00298368196F64CC00817D88;
			remoteInfo = Console;
		};
/* End PBXContainerItemProxy section */

/* Begin PBXFileReference section */
		00298369196F64CC00817D88 /* Console.app */ = {isa = PBXFileReference; explicitFileType = wrapper.application; includeInIndex = 0; path = Console.app; sourceTree = BUILT_PRODUCTS_DIR; };
		0029836C196F64CC00817D88 /* Foundation.framework */ = {isa = PBXFileReference; lastKnownFileType = wrapper.framework; name = Foundation.framework; path = System/Library/Frameworks/Foundation.framework; sourceTree = SDKROOT; };
		0029836E196F64CC00817D88 /* CoreGraphics.framework */ = {isa = PBXFileReference; lastKnownFileType = wrapper.framework; name = CoreGraphics.framework; path = System/Library/Frameworks/CoreGraphics.framework; sourceTree = SDKROOT; };
		00298370196F64CC00817D88 /* UIKit.framework */ = {isa = PBXFileReference; lastKnownFileType = wrapper.framework; name = UIKit.framework; path = System/Library/Frameworks/UIKit.framework; sourceTree = SDKROOT; };
		00298374196F64CC00817D88 /* Console-Info.plist */ = {isa = PBXFileReference; lastKnownFileType = text.plist.xml; path = "Console-Info.plist"; sourceTree = "<group>"; };
		00298376196F64CC00817D88 /* en */ = {isa = PBXFileReference; lastKnownFileType = text.plist.strings; name = en; path = en.lproj/InfoPlist.strings; sourceTree = "<group>"; };
		00298378196F64CC00817D88 /* main.m */ = {isa = PBXFileReference; lastKnownFileType = sourcecode.c.objc; path = main.m; sourceTree = "<group>"; };
		0029837A196F64CC00817D88 /* Console-Prefix.pch */ = {isa = PBXFileReference; lastKnownFileType = sourcecode.c.h; path = "Console-Prefix.pch"; sourceTree = "<group>"; };
		0029837B196F64CC00817D88 /* CineAppDelegate.h */ = {isa = PBXFileReference; lastKnownFileType = sourcecode.c.h; path = CineAppDelegate.h; sourceTree = "<group>"; };
		0029837C196F64CC00817D88 /* CineAppDelegate.m */ = {isa = PBXFileReference; lastKnownFileType = sourcecode.c.objc; path = CineAppDelegate.m; sourceTree = "<group>"; };
		0029837F196F64CC00817D88 /* Base */ = {isa = PBXFileReference; lastKnownFileType = file.storyboard; name = Base; path = Base.lproj/Main_iPhone.storyboard; sourceTree = "<group>"; };
		00298382196F64CC00817D88 /* Base */ = {isa = PBXFileReference; lastKnownFileType = file.storyboard; name = Base; path = Base.lproj/Main_iPad.storyboard; sourceTree = "<group>"; };
		00298387196F64CC00817D88 /* Images.xcassets */ = {isa = PBXFileReference; lastKnownFileType = folder.assetcatalog; path = Images.xcassets; sourceTree = "<group>"; };
		0029838D196F64CC00817D88 /* ConsoleTests.xctest */ = {isa = PBXFileReference; explicitFileType = wrapper.cfbundle; includeInIndex = 0; path = ConsoleTests.xctest; sourceTree = BUILT_PRODUCTS_DIR; };
		0029838E196F64CC00817D88 /* XCTest.framework */ = {isa = PBXFileReference; lastKnownFileType = wrapper.framework; name = XCTest.framework; path = Library/Frameworks/XCTest.framework; sourceTree = DEVELOPER_DIR; };
		00298396196F64CC00817D88 /* ConsoleTests-Info.plist */ = {isa = PBXFileReference; lastKnownFileType = text.plist.xml; path = "ConsoleTests-Info.plist"; sourceTree = "<group>"; };
		00298398196F64CC00817D88 /* en */ = {isa = PBXFileReference; lastKnownFileType = text.plist.strings; name = en; path = en.lproj/InfoPlist.strings; sourceTree = "<group>"; };
		0029839A196F64CC00817D88 /* ConsoleTests.m */ = {isa = PBXFileReference; lastKnownFileType = sourcecode.c.objc; path = ConsoleTests.m; sourceTree = "<group>"; };
		002983A4196F64E800817D88 /* Podfile */ = {isa = PBXFileReference; fileEncoding = 4; lastKnownFileType = text; path = Podfile; sourceTree = "<group>"; xcLanguageSpecificationIdentifier = xcode.lang.ruby; };
		002983A6196F8F4000817D88 /* CineWebViewController.h */ = {isa = PBXFileReference; fileEncoding = 4; lastKnownFileType = sourcecode.c.h; path = CineWebViewController.h; sourceTree = "<group>"; };
		002983A7196F8F4000817D88 /* CineWebViewController.m */ = {isa = PBXFileReference; fileEncoding = 4; lastKnownFileType = sourcecode.c.objc; path = CineWebViewController.m; sourceTree = "<group>"; };
		002983A9196F8F8A00817D88 /* CineSignInViewController.h */ = {isa = PBXFileReference; fileEncoding = 4; lastKnownFileType = sourcecode.c.h; path = CineSignInViewController.h; sourceTree = "<group>"; };
		002983AA196F8F8A00817D88 /* CineSignInViewController.m */ = {isa = PBXFileReference; fileEncoding = 4; lastKnownFileType = sourcecode.c.objc; path = CineSignInViewController.m; sourceTree = "<group>"; };
		002983AC196FE09A00817D88 /* README.md */ = {isa = PBXFileReference; fileEncoding = 4; lastKnownFileType = text; name = README.md; path = ../README.md; sourceTree = "<group>"; };
		002983AE19704CD900817D88 /* CineUser.h */ = {isa = PBXFileReference; fileEncoding = 4; lastKnownFileType = sourcecode.c.h; path = CineUser.h; sourceTree = "<group>"; };
		002983AF19704CD900817D88 /* CineUser.m */ = {isa = PBXFileReference; fileEncoding = 4; lastKnownFileType = sourcecode.c.objc; path = CineUser.m; sourceTree = "<group>"; };
		009CB19B197997F200C0ADF6 /* StoreKit.framework */ = {isa = PBXFileReference; lastKnownFileType = wrapper.framework; name = StoreKit.framework; path = System/Library/Frameworks/StoreKit.framework; sourceTree = SDKROOT; };
		009CB19D197DB27F00C0ADF6 /* CineAuthHandler.h */ = {isa = PBXFileReference; fileEncoding = 4; lastKnownFileType = sourcecode.c.h; path = CineAuthHandler.h; sourceTree = "<group>"; };
		009CB19E197DB27F00C0ADF6 /* CineAuthHandler.m */ = {isa = PBXFileReference; fileEncoding = 4; lastKnownFileType = sourcecode.c.objc; path = CineAuthHandler.m; sourceTree = "<group>"; };
		00ADC6B31970930700857375 /* CineProjectsTableViewController.h */ = {isa = PBXFileReference; fileEncoding = 4; lastKnownFileType = sourcecode.c.h; path = CineProjectsTableViewController.h; sourceTree = "<group>"; };
		00ADC6B41970930700857375 /* CineProjectsTableViewController.m */ = {isa = PBXFileReference; fileEncoding = 4; lastKnownFileType = sourcecode.c.objc; path = CineProjectsTableViewController.m; sourceTree = "<group>"; };
		00ADC6B61970931C00857375 /* CineStreamsTableViewController.h */ = {isa = PBXFileReference; fileEncoding = 4; lastKnownFileType = sourcecode.c.h; path = CineStreamsTableViewController.h; sourceTree = "<group>"; };
		00ADC6B71970931C00857375 /* CineStreamsTableViewController.m */ = {isa = PBXFileReference; fileEncoding = 4; lastKnownFileType = sourcecode.c.objc; path = CineStreamsTableViewController.m; sourceTree = "<group>"; };
		00ADC6B91970B59B00857375 /* CineStreamViewController.h */ = {isa = PBXFileReference; fileEncoding = 4; lastKnownFileType = sourcecode.c.h; path = CineStreamViewController.h; sourceTree = "<group>"; };
		00ADC6BA1970B59B00857375 /* CineStreamViewController.m */ = {isa = PBXFileReference; fileEncoding = 4; lastKnownFileType = sourcecode.c.objc; path = CineStreamViewController.m; sourceTree = "<group>"; };
		00ADC6E91974951E00857375 /* CinePublisherViewController.h */ = {isa = PBXFileReference; fileEncoding = 4; lastKnownFileType = sourcecode.c.h; path = CinePublisherViewController.h; sourceTree = "<group>"; };
		00ADC6EA1974951E00857375 /* CinePublisherViewController.mm */ = {isa = PBXFileReference; fileEncoding = 4; lastKnownFileType = sourcecode.cpp.objcpp; path = CinePublisherViewController.mm; sourceTree = "<group>"; };
		00ADC6ED1974959300857375 /* MediaPlayer.framework */ = {isa = PBXFileReference; lastKnownFileType = wrapper.framework; name = MediaPlayer.framework; path = System/Library/Frameworks/MediaPlayer.framework; sourceTree = SDKROOT; };
		00ADC6EF1974F2FB00857375 /* CineNavigationViewController.h */ = {isa = PBXFileReference; fileEncoding = 4; lastKnownFileType = sourcecode.c.h; path = CineNavigationViewController.h; sourceTree = "<group>"; };
		00ADC6F01974F2FB00857375 /* CineNavigationViewController.m */ = {isa = PBXFileReference; fileEncoding = 4; lastKnownFileType = sourcecode.c.objc; path = CineNavigationViewController.m; sourceTree = "<group>"; };
		00ADC6F519759EFB00857375 /* CineStreamerViewController.h */ = {isa = PBXFileReference; fileEncoding = 4; lastKnownFileType = sourcecode.c.h; path = CineStreamerViewController.h; sourceTree = "<group>"; };
		00ADC6F619759EFB00857375 /* CineStreamerViewController.m */ = {isa = PBXFileReference; fileEncoding = 4; lastKnownFileType = sourcecode.c.objc; path = CineStreamerViewController.m; sourceTree = "<group>"; };
		24183C3AA3FC48D8A391365B /* Pods.xcconfig */ = {isa = PBXFileReference; includeInIndex = 1; lastKnownFileType = text.xcconfig; name = Pods.xcconfig; path = Pods/Pods.xcconfig; sourceTree = "<group>"; };
		9755E6D300C04A989719F867 /* libPods.a */ = {isa = PBXFileReference; explicitFileType = archive.ar; includeInIndex = 0; path = libPods.a; sourceTree = BUILT_PRODUCTS_DIR; };
/* End PBXFileReference section */

/* Begin PBXFrameworksBuildPhase section */
		00298366196F64CC00817D88 /* Frameworks */ = {
			isa = PBXFrameworksBuildPhase;
			buildActionMask = 2147483647;
			files = (
				00ADC6EE1974959300857375 /* MediaPlayer.framework in Frameworks */,
				0029836F196F64CC00817D88 /* CoreGraphics.framework in Frameworks */,
				00298371196F64CC00817D88 /* UIKit.framework in Frameworks */,
				009CB19C197997F200C0ADF6 /* StoreKit.framework in Frameworks */,
				0029836D196F64CC00817D88 /* Foundation.framework in Frameworks */,
				230D20A7DCA440E6816B1608 /* libPods.a in Frameworks */,
			);
			runOnlyForDeploymentPostprocessing = 0;
		};
		0029838A196F64CC00817D88 /* Frameworks */ = {
			isa = PBXFrameworksBuildPhase;
			buildActionMask = 2147483647;
			files = (
				0029838F196F64CC00817D88 /* XCTest.framework in Frameworks */,
				00298391196F64CC00817D88 /* UIKit.framework in Frameworks */,
				00298390196F64CC00817D88 /* Foundation.framework in Frameworks */,
			);
			runOnlyForDeploymentPostprocessing = 0;
		};
/* End PBXFrameworksBuildPhase section */

/* Begin PBXGroup section */
		00298360196F64CC00817D88 = {
			isa = PBXGroup;
			children = (
				002983AC196FE09A00817D88 /* README.md */,
				002983A4196F64E800817D88 /* Podfile */,
				00298372196F64CC00817D88 /* Console */,
				00298394196F64CC00817D88 /* ConsoleTests */,
				0029836B196F64CC00817D88 /* Frameworks */,
				0029836A196F64CC00817D88 /* Products */,
				24183C3AA3FC48D8A391365B /* Pods.xcconfig */,
			);
			sourceTree = "<group>";
		};
		0029836A196F64CC00817D88 /* Products */ = {
			isa = PBXGroup;
			children = (
				00298369196F64CC00817D88 /* Console.app */,
				0029838D196F64CC00817D88 /* ConsoleTests.xctest */,
			);
			name = Products;
			sourceTree = "<group>";
		};
		0029836B196F64CC00817D88 /* Frameworks */ = {
			isa = PBXGroup;
			children = (
				009CB19B197997F200C0ADF6 /* StoreKit.framework */,
				00ADC6ED1974959300857375 /* MediaPlayer.framework */,
				0029836C196F64CC00817D88 /* Foundation.framework */,
				0029836E196F64CC00817D88 /* CoreGraphics.framework */,
				00298370196F64CC00817D88 /* UIKit.framework */,
				0029838E196F64CC00817D88 /* XCTest.framework */,
				9755E6D300C04A989719F867 /* libPods.a */,
			);
			name = Frameworks;
			sourceTree = "<group>";
		};
		00298372196F64CC00817D88 /* Console */ = {
			isa = PBXGroup;
			children = (
				0029837B196F64CC00817D88 /* CineAppDelegate.h */,
				0029837C196F64CC00817D88 /* CineAppDelegate.m */,
				00298381196F64CC00817D88 /* Main_iPad.storyboard */,
				0029837E196F64CC00817D88 /* Main_iPhone.storyboard */,
				002983AE19704CD900817D88 /* CineUser.h */,
				002983AF19704CD900817D88 /* CineUser.m */,
				009CB19D197DB27F00C0ADF6 /* CineAuthHandler.h */,
				009CB19E197DB27F00C0ADF6 /* CineAuthHandler.m */,
				002983A9196F8F8A00817D88 /* CineSignInViewController.h */,
				002983AA196F8F8A00817D88 /* CineSignInViewController.m */,
				002983A6196F8F4000817D88 /* CineWebViewController.h */,
				002983A7196F8F4000817D88 /* CineWebViewController.m */,
				00ADC6EF1974F2FB00857375 /* CineNavigationViewController.h */,
				00ADC6F01974F2FB00857375 /* CineNavigationViewController.m */,
				00ADC6B31970930700857375 /* CineProjectsTableViewController.h */,
				00ADC6B41970930700857375 /* CineProjectsTableViewController.m */,
				00ADC6B61970931C00857375 /* CineStreamsTableViewController.h */,
				00ADC6B71970931C00857375 /* CineStreamsTableViewController.m */,
				00ADC6B91970B59B00857375 /* CineStreamViewController.h */,
				00ADC6BA1970B59B00857375 /* CineStreamViewController.m */,
				00ADC6F519759EFB00857375 /* CineStreamerViewController.h */,
				00ADC6F619759EFB00857375 /* CineStreamerViewController.m */,
				00ADC6E91974951E00857375 /* CinePublisherViewController.h */,
				00ADC6EA1974951E00857375 /* CinePublisherViewController.mm */,
				00298387196F64CC00817D88 /* Images.xcassets */,
				00298373196F64CC00817D88 /* Supporting Files */,
			);
			path = Console;
			sourceTree = "<group>";
		};
		00298373196F64CC00817D88 /* Supporting Files */ = {
			isa = PBXGroup;
			children = (
				00298374196F64CC00817D88 /* Console-Info.plist */,
				00298375196F64CC00817D88 /* InfoPlist.strings */,
				00298378196F64CC00817D88 /* main.m */,
				0029837A196F64CC00817D88 /* Console-Prefix.pch */,
			);
			name = "Supporting Files";
			sourceTree = "<group>";
		};
		00298394196F64CC00817D88 /* ConsoleTests */ = {
			isa = PBXGroup;
			children = (
				0029839A196F64CC00817D88 /* ConsoleTests.m */,
				00298395196F64CC00817D88 /* Supporting Files */,
			);
			path = ConsoleTests;
			sourceTree = "<group>";
		};
		00298395196F64CC00817D88 /* Supporting Files */ = {
			isa = PBXGroup;
			children = (
				00298396196F64CC00817D88 /* ConsoleTests-Info.plist */,
				00298397196F64CC00817D88 /* InfoPlist.strings */,
			);
			name = "Supporting Files";
			sourceTree = "<group>";
		};
/* End PBXGroup section */

/* Begin PBXNativeTarget section */
		00298368196F64CC00817D88 /* Console */ = {
			isa = PBXNativeTarget;
			buildConfigurationList = 0029839E196F64CC00817D88 /* Build configuration list for PBXNativeTarget "Console" */;
			buildPhases = (
				3C3FCE27AE914398A6C15EB5 /* Check Pods Manifest.lock */,
				00298365196F64CC00817D88 /* Sources */,
				00298366196F64CC00817D88 /* Frameworks */,
				00298367196F64CC00817D88 /* Resources */,
				DF188A35A5B94DA2BABB6F5E /* Copy Pods Resources */,
			);
			buildRules = (
			);
			dependencies = (
			);
			name = Console;
			productName = Console;
			productReference = 00298369196F64CC00817D88 /* Console.app */;
			productType = "com.apple.product-type.application";
		};
		0029838C196F64CC00817D88 /* ConsoleTests */ = {
			isa = PBXNativeTarget;
			buildConfigurationList = 002983A1196F64CC00817D88 /* Build configuration list for PBXNativeTarget "ConsoleTests" */;
			buildPhases = (
				00298389196F64CC00817D88 /* Sources */,
				0029838A196F64CC00817D88 /* Frameworks */,
				0029838B196F64CC00817D88 /* Resources */,
			);
			buildRules = (
			);
			dependencies = (
				00298393196F64CC00817D88 /* PBXTargetDependency */,
			);
			name = ConsoleTests;
			productName = ConsoleTests;
			productReference = 0029838D196F64CC00817D88 /* ConsoleTests.xctest */;
			productType = "com.apple.product-type.bundle.unit-test";
		};
/* End PBXNativeTarget section */

/* Begin PBXProject section */
		00298361196F64CC00817D88 /* Project object */ = {
			isa = PBXProject;
			attributes = {
				CLASSPREFIX = Cine;
				LastUpgradeCheck = 0510;
				ORGANIZATIONNAME = cine.io;
				TargetAttributes = {
					00298368196F64CC00817D88 = {
						DevelopmentTeam = G5RU2HL4SN;
						SystemCapabilities = {
							com.apple.InAppPurchase = {
								enabled = 1;
							};
						};
					};
					0029838C196F64CC00817D88 = {
						TestTargetID = 00298368196F64CC00817D88;
					};
				};
			};
			buildConfigurationList = 00298364196F64CC00817D88 /* Build configuration list for PBXProject "Console" */;
			compatibilityVersion = "Xcode 3.2";
			developmentRegion = English;
			hasScannedForEncodings = 0;
			knownRegions = (
				en,
				Base,
			);
			mainGroup = 00298360196F64CC00817D88;
			productRefGroup = 0029836A196F64CC00817D88 /* Products */;
			projectDirPath = "";
			projectRoot = "";
			targets = (
				00298368196F64CC00817D88 /* Console */,
				0029838C196F64CC00817D88 /* ConsoleTests */,
			);
		};
/* End PBXProject section */

/* Begin PBXResourcesBuildPhase section */
		00298367196F64CC00817D88 /* Resources */ = {
			isa = PBXResourcesBuildPhase;
			buildActionMask = 2147483647;
			files = (
				002983AD196FE09A00817D88 /* README.md in Resources */,
				002983A5196F64E800817D88 /* Podfile in Resources */,
				00298383196F64CC00817D88 /* Main_iPad.storyboard in Resources */,
				00298388196F64CC00817D88 /* Images.xcassets in Resources */,
				00298380196F64CC00817D88 /* Main_iPhone.storyboard in Resources */,
				00298377196F64CC00817D88 /* InfoPlist.strings in Resources */,
			);
			runOnlyForDeploymentPostprocessing = 0;
		};
		0029838B196F64CC00817D88 /* Resources */ = {
			isa = PBXResourcesBuildPhase;
			buildActionMask = 2147483647;
			files = (
				00298399196F64CC00817D88 /* InfoPlist.strings in Resources */,
			);
			runOnlyForDeploymentPostprocessing = 0;
		};
/* End PBXResourcesBuildPhase section */

/* Begin PBXShellScriptBuildPhase section */
		3C3FCE27AE914398A6C15EB5 /* Check Pods Manifest.lock */ = {
			isa = PBXShellScriptBuildPhase;
			buildActionMask = 2147483647;
			files = (
			);
			inputPaths = (
			);
			name = "Check Pods Manifest.lock";
			outputPaths = (
			);
			runOnlyForDeploymentPostprocessing = 0;
			shellPath = /bin/sh;
			shellScript = "diff \"${PODS_ROOT}/../Podfile.lock\" \"${PODS_ROOT}/Manifest.lock\" > /dev/null\nif [[ $? != 0 ]] ; then\n    cat << EOM\nerror: The sandbox is not in sync with the Podfile.lock. Run 'pod install' or update your CocoaPods installation.\nEOM\n    exit 1\nfi\n";
			showEnvVarsInLog = 0;
		};
		DF188A35A5B94DA2BABB6F5E /* Copy Pods Resources */ = {
			isa = PBXShellScriptBuildPhase;
			buildActionMask = 2147483647;
			files = (
			);
			inputPaths = (
			);
			name = "Copy Pods Resources";
			outputPaths = (
			);
			runOnlyForDeploymentPostprocessing = 0;
			shellPath = /bin/sh;
			shellScript = "\"${SRCROOT}/Pods/Pods-resources.sh\"\n";
			showEnvVarsInLog = 0;
		};
/* End PBXShellScriptBuildPhase section */

/* Begin PBXSourcesBuildPhase section */
		00298365196F64CC00817D88 /* Sources */ = {
			isa = PBXSourcesBuildPhase;
			buildActionMask = 2147483647;
			files = (
				00ADC6B81970931C00857375 /* CineStreamsTableViewController.m in Sources */,
				00ADC6F719759EFB00857375 /* CineStreamerViewController.m in Sources */,
				00ADC6B51970930700857375 /* CineProjectsTableViewController.m in Sources */,
				00ADC6F11974F2FB00857375 /* CineNavigationViewController.m in Sources */,
				002983B019704CD900817D88 /* CineUser.m in Sources */,
				00298379196F64CC00817D88 /* main.m in Sources */,
				00ADC6EC1974951E00857375 /* CinePublisherViewController.mm in Sources */,
				009CB19F197DB27F00C0ADF6 /* CineAuthHandler.m in Sources */,
				002983A8196F8F4000817D88 /* CineWebViewController.m in Sources */,
				002983AB196F8F8A00817D88 /* CineSignInViewController.m in Sources */,
				0029837D196F64CC00817D88 /* CineAppDelegate.m in Sources */,
				00ADC6BB1970B59B00857375 /* CineStreamViewController.m in Sources */,
			);
			runOnlyForDeploymentPostprocessing = 0;
		};
		00298389196F64CC00817D88 /* Sources */ = {
			isa = PBXSourcesBuildPhase;
			buildActionMask = 2147483647;
			files = (
				0029839B196F64CC00817D88 /* ConsoleTests.m in Sources */,
			);
			runOnlyForDeploymentPostprocessing = 0;
		};
/* End PBXSourcesBuildPhase section */

/* Begin PBXTargetDependency section */
		00298393196F64CC00817D88 /* PBXTargetDependency */ = {
			isa = PBXTargetDependency;
			target = 00298368196F64CC00817D88 /* Console */;
			targetProxy = 00298392196F64CC00817D88 /* PBXContainerItemProxy */;
		};
/* End PBXTargetDependency section */

/* Begin PBXVariantGroup section */
		00298375196F64CC00817D88 /* InfoPlist.strings */ = {
			isa = PBXVariantGroup;
			children = (
				00298376196F64CC00817D88 /* en */,
			);
			name = InfoPlist.strings;
			sourceTree = "<group>";
		};
		0029837E196F64CC00817D88 /* Main_iPhone.storyboard */ = {
			isa = PBXVariantGroup;
			children = (
				0029837F196F64CC00817D88 /* Base */,
			);
			name = Main_iPhone.storyboard;
			sourceTree = "<group>";
		};
		00298381196F64CC00817D88 /* Main_iPad.storyboard */ = {
			isa = PBXVariantGroup;
			children = (
				00298382196F64CC00817D88 /* Base */,
			);
			name = Main_iPad.storyboard;
			sourceTree = "<group>";
		};
		00298397196F64CC00817D88 /* InfoPlist.strings */ = {
			isa = PBXVariantGroup;
			children = (
				00298398196F64CC00817D88 /* en */,
			);
			name = InfoPlist.strings;
			sourceTree = "<group>";
		};
/* End PBXVariantGroup section */

/* Begin XCBuildConfiguration section */
		0029839C196F64CC00817D88 /* Debug */ = {
			isa = XCBuildConfiguration;
			buildSettings = {
				ALWAYS_SEARCH_USER_PATHS = NO;
				CLANG_CXX_LANGUAGE_STANDARD = "gnu++0x";
				CLANG_CXX_LIBRARY = "libc++";
				CLANG_ENABLE_MODULES = YES;
				CLANG_ENABLE_OBJC_ARC = YES;
				CLANG_WARN_BOOL_CONVERSION = YES;
				CLANG_WARN_CONSTANT_CONVERSION = YES;
				CLANG_WARN_DIRECT_OBJC_ISA_USAGE = YES_ERROR;
				CLANG_WARN_EMPTY_BODY = YES;
				CLANG_WARN_ENUM_CONVERSION = YES;
				CLANG_WARN_INT_CONVERSION = YES;
				CLANG_WARN_OBJC_ROOT_CLASS = YES_ERROR;
				CLANG_WARN__DUPLICATE_METHOD_MATCH = YES;
				"CODE_SIGN_IDENTITY[sdk=iphoneos*]" = "iPhone Developer";
				COPY_PHASE_STRIP = NO;
				GCC_C_LANGUAGE_STANDARD = gnu99;
				GCC_DYNAMIC_NO_PIC = NO;
				GCC_OPTIMIZATION_LEVEL = 0;
				GCC_PREPROCESSOR_DEFINITIONS = (
					"DEBUG=1",
					"$(inherited)",
				);
				GCC_SYMBOLS_PRIVATE_EXTERN = NO;
				GCC_WARN_64_TO_32_BIT_CONVERSION = YES;
				GCC_WARN_ABOUT_RETURN_TYPE = YES_ERROR;
				GCC_WARN_UNDECLARED_SELECTOR = YES;
				GCC_WARN_UNINITIALIZED_AUTOS = YES_AGGRESSIVE;
				GCC_WARN_UNUSED_FUNCTION = YES;
				GCC_WARN_UNUSED_VARIABLE = YES;
				IPHONEOS_DEPLOYMENT_TARGET = 7.1;
				ONLY_ACTIVE_ARCH = YES;
				SDKROOT = iphoneos;
				TARGETED_DEVICE_FAMILY = "1,2";
			};
			name = Debug;
		};
		0029839D196F64CC00817D88 /* Release */ = {
			isa = XCBuildConfiguration;
			buildSettings = {
				ALWAYS_SEARCH_USER_PATHS = NO;
				CLANG_CXX_LANGUAGE_STANDARD = "gnu++0x";
				CLANG_CXX_LIBRARY = "libc++";
				CLANG_ENABLE_MODULES = YES;
				CLANG_ENABLE_OBJC_ARC = YES;
				CLANG_WARN_BOOL_CONVERSION = YES;
				CLANG_WARN_CONSTANT_CONVERSION = YES;
				CLANG_WARN_DIRECT_OBJC_ISA_USAGE = YES_ERROR;
				CLANG_WARN_EMPTY_BODY = YES;
				CLANG_WARN_ENUM_CONVERSION = YES;
				CLANG_WARN_INT_CONVERSION = YES;
				CLANG_WARN_OBJC_ROOT_CLASS = YES_ERROR;
				CLANG_WARN__DUPLICATE_METHOD_MATCH = YES;
				"CODE_SIGN_IDENTITY[sdk=iphoneos*]" = "iPhone Developer";
				COPY_PHASE_STRIP = YES;
				ENABLE_NS_ASSERTIONS = NO;
				GCC_C_LANGUAGE_STANDARD = gnu99;
				GCC_WARN_64_TO_32_BIT_CONVERSION = YES;
				GCC_WARN_ABOUT_RETURN_TYPE = YES_ERROR;
				GCC_WARN_UNDECLARED_SELECTOR = YES;
				GCC_WARN_UNINITIALIZED_AUTOS = YES_AGGRESSIVE;
				GCC_WARN_UNUSED_FUNCTION = YES;
				GCC_WARN_UNUSED_VARIABLE = YES;
				IPHONEOS_DEPLOYMENT_TARGET = 7.1;
				SDKROOT = iphoneos;
				TARGETED_DEVICE_FAMILY = "1,2";
				VALIDATE_PRODUCT = YES;
			};
			name = Release;
		};
		0029839F196F64CC00817D88 /* Debug */ = {
			isa = XCBuildConfiguration;
			baseConfigurationReference = 24183C3AA3FC48D8A391365B /* Pods.xcconfig */;
			buildSettings = {
				ALWAYS_SEARCH_USER_PATHS = NO;
				ASSETCATALOG_COMPILER_APPICON_NAME = AppIcon;
				ASSETCATALOG_COMPILER_LAUNCHIMAGE_NAME = LaunchImage;
				CODE_SIGN_IDENTITY = "iPhone Developer";
				"CODE_SIGN_IDENTITY[sdk=iphoneos*]" = "iPhone Developer";
				GCC_INPUT_FILETYPE = sourcecode.cpp.objcpp;
				GCC_PRECOMPILE_PREFIX_HEADER = YES;
				GCC_PREFIX_HEADER = "Console/Console-Prefix.pch";
				INFOPLIST_FILE = "Console/Console-Info.plist";
				IPHONEOS_DEPLOYMENT_TARGET = 7.0;
				PRODUCT_NAME = "$(TARGET_NAME)";
				PROVISIONING_PROFILE = "";
				TARGETED_DEVICE_FAMILY = 1;
				WRAPPER_EXTENSION = app;
			};
			name = Debug;
		};
		002983A0196F64CC00817D88 /* Release */ = {
			isa = XCBuildConfiguration;
			baseConfigurationReference = 24183C3AA3FC48D8A391365B /* Pods.xcconfig */;
			buildSettings = {
				ALWAYS_SEARCH_USER_PATHS = NO;
				ASSETCATALOG_COMPILER_APPICON_NAME = AppIcon;
				ASSETCATALOG_COMPILER_LAUNCHIMAGE_NAME = LaunchImage;
				CODE_SIGN_IDENTITY = "iPhone Developer";
				"CODE_SIGN_IDENTITY[sdk=iphoneos*]" = "iPhone Developer";
				GCC_INPUT_FILETYPE = sourcecode.cpp.objcpp;
				GCC_PRECOMPILE_PREFIX_HEADER = YES;
				GCC_PREFIX_HEADER = "Console/Console-Prefix.pch";
				INFOPLIST_FILE = "Console/Console-Info.plist";
				IPHONEOS_DEPLOYMENT_TARGET = 7.0;
				PRODUCT_NAME = "$(TARGET_NAME)";
				PROVISIONING_PROFILE = "";
				TARGETED_DEVICE_FAMILY = 1;
				WRAPPER_EXTENSION = app;
			};
			name = Release;
		};
		002983A2196F64CC00817D88 /* Debug */ = {
			isa = XCBuildConfiguration;
			buildSettings = {
				BUNDLE_LOADER = "$(BUILT_PRODUCTS_DIR)/Console.app/Console";
				FRAMEWORK_SEARCH_PATHS = (
					"$(SDKROOT)/Developer/Library/Frameworks",
					"$(inherited)",
					"$(DEVELOPER_FRAMEWORKS_DIR)",
				);
				GCC_PRECOMPILE_PREFIX_HEADER = YES;
				GCC_PREFIX_HEADER = "Console/Console-Prefix.pch";
				GCC_PREPROCESSOR_DEFINITIONS = (
					"DEBUG=1",
					"$(inherited)",
				);
				INFOPLIST_FILE = "ConsoleTests/ConsoleTests-Info.plist";
				PRODUCT_NAME = "$(TARGET_NAME)";
				TEST_HOST = "$(BUNDLE_LOADER)";
				WRAPPER_EXTENSION = xctest;
			};
			name = Debug;
		};
		002983A3196F64CC00817D88 /* Release */ = {
			isa = XCBuildConfiguration;
			buildSettings = {
				BUNDLE_LOADER = "$(BUILT_PRODUCTS_DIR)/Console.app/Console";
				FRAMEWORK_SEARCH_PATHS = (
					"$(SDKROOT)/Developer/Library/Frameworks",
					"$(inherited)",
					"$(DEVELOPER_FRAMEWORKS_DIR)",
				);
				GCC_PRECOMPILE_PREFIX_HEADER = YES;
				GCC_PREFIX_HEADER = "Console/Console-Prefix.pch";
				INFOPLIST_FILE = "ConsoleTests/ConsoleTests-Info.plist";
				PRODUCT_NAME = "$(TARGET_NAME)";
				TEST_HOST = "$(BUNDLE_LOADER)";
				WRAPPER_EXTENSION = xctest;
			};
			name = Release;
		};
/* End XCBuildConfiguration section */

/* Begin XCConfigurationList section */
		00298364196F64CC00817D88 /* Build configuration list for PBXProject "Console" */ = {
			isa = XCConfigurationList;
			buildConfigurations = (
				0029839C196F64CC00817D88 /* Debug */,
				0029839D196F64CC00817D88 /* Release */,
			);
			defaultConfigurationIsVisible = 0;
			defaultConfigurationName = Release;
		};
		0029839E196F64CC00817D88 /* Build configuration list for PBXNativeTarget "Console" */ = {
			isa = XCConfigurationList;
			buildConfigurations = (
				0029839F196F64CC00817D88 /* Debug */,
				002983A0196F64CC00817D88 /* Release */,
			);
			defaultConfigurationIsVisible = 0;
			defaultConfigurationName = Release;
		};
		002983A1196F64CC00817D88 /* Build configuration list for PBXNativeTarget "ConsoleTests" */ = {
			isa = XCConfigurationList;
			buildConfigurations = (
				002983A2196F64CC00817D88 /* Debug */,
				002983A3196F64CC00817D88 /* Release */,
			);
			defaultConfigurationIsVisible = 0;
			defaultConfigurationName = Release;
		};
/* End XCConfigurationList section */
	};
	rootObject = 00298361196F64CC00817D88 /* Project object */;
}
